
Microsoft Visual Studio Solution File, Format Version 12.00
# Visual Studio 15
VisualStudioVersion = 15.0.28307.852
MinimumVisualStudioVersion = 10.0.40219.1
Project("{FAE04EC0-301F-11D3-BF4B-00C04F79EFBC}") = "Zadanie1", "Zadanie1\Zadanie1.csproj", "{D2B1A935-9573-4CEE-86C7-ACFD8F9DF5EA}"
EndProject
Project("{FAE04EC0-301F-11D3-BF4B-00C04F79EFBC}") = "UnitTestProject", "UnitTestProject5\UnitTestProject.csproj", "{D0B69653-707D-4D55-9F44-62B93F9C1419}"
EndProject
Project("{FAE04EC0-301F-11D3-BF4B-00C04F79EFBC}") = "Zadanie2", "ConsoleApp\Zadanie2.csproj", "{092083D2-1ED5-49E4-A01F-38808F7D2403}"
EndProject
Project("{FAE04EC0-301F-11D3-BF4B-00C04F79EFBC}") = "UnitTestProject2", "UnitTestProject2\UnitTestProject2.csproj", "{DE235300-A665-4ED9-876A-DD0AC9C96D12}"
EndProject
Project("{FAE04EC0-301F-11D3-BF4B-00C04F79EFBC}") = "Zadanie3sql", "Zadanie3sql\Zadanie3sql.csproj", "{14B4BDBA-D629-4101-A80F-DF5B79DDB26A}"
EndProject
Project("{FAE04EC0-301F-11D3-BF4B-00C04F79EFBC}") = "Zadanie3TestProject", "Zadanie3TestProject\Zadanie3TestProject.csproj", "{FCF23A77-42D1-46EA-9CE7-74032D57982A}"
EndProject
Project("{2150E333-8FDC-42A3-9474-1A3956D46DE8}") = "Zadanie4", "Zadanie4", "{08349F16-614A-4366-ACDF-AF4A3D323826}"
EndProject
Project("{FAE04EC0-301F-11D3-BF4B-00C04F79EFBC}") = "View", "View\View.csproj", "{6B6C56C4-46D1-4399-B0C9-8FA662DA7B4F}"
EndProject
Project("{FAE04EC0-301F-11D3-BF4B-00C04F79EFBC}") = "ViewModel", "ViewModel\ViewModel.csproj", "{7688ABF0-D0AE-412F-A2CF-372C8D6EF309}"
EndProject
Project("{FAE04EC0-301F-11D3-BF4B-00C04F79EFBC}") = "Model", "Model\Model.csproj", "{E2DC5BDC-327E-422F-89F0-1E2E334819C6}"
EndProject
Project("{FAE04EC0-301F-11D3-BF4B-00C04F79EFBC}") = "Tests", "Tests\Tests.csproj", "{3F17D244-035B-4059-836D-26FD75E8BA6D}"
EndProject
Project("{FAE04EC0-301F-11D3-BF4B-00C04F79EFBC}") = "Data", "Data\Data.csproj", "{B16B742F-CC99-4E19-A2CB-E6902B19626E}"
EndProject
Global
	GlobalSection(SolutionConfigurationPlatforms) = preSolution
		Debug|Any CPU = Debug|Any CPU
		Debug|ARM = Debug|ARM
		Debug|ARM64 = Debug|ARM64
		Debug|x64 = Debug|x64
		Debug|x86 = Debug|x86
		Release|Any CPU = Release|Any CPU
		Release|ARM = Release|ARM
		Release|ARM64 = Release|ARM64
		Release|x64 = Release|x64
		Release|x86 = Release|x86
	EndGlobalSection
	GlobalSection(ProjectConfigurationPlatforms) = postSolution
		{D2B1A935-9573-4CEE-86C7-ACFD8F9DF5EA}.Debug|Any CPU.ActiveCfg = Debug|Any CPU
		{D2B1A935-9573-4CEE-86C7-ACFD8F9DF5EA}.Debug|Any CPU.Build.0 = Debug|Any CPU
		{D2B1A935-9573-4CEE-86C7-ACFD8F9DF5EA}.Debug|ARM.ActiveCfg = Debug|Any CPU
		{D2B1A935-9573-4CEE-86C7-ACFD8F9DF5EA}.Debug|ARM.Build.0 = Debug|Any CPU
		{D2B1A935-9573-4CEE-86C7-ACFD8F9DF5EA}.Debug|ARM64.ActiveCfg = Debug|Any CPU
		{D2B1A935-9573-4CEE-86C7-ACFD8F9DF5EA}.Debug|ARM64.Build.0 = Debug|Any CPU
		{D2B1A935-9573-4CEE-86C7-ACFD8F9DF5EA}.Debug|x64.ActiveCfg = Debug|Any CPU
		{D2B1A935-9573-4CEE-86C7-ACFD8F9DF5EA}.Debug|x64.Build.0 = Debug|Any CPU
		{D2B1A935-9573-4CEE-86C7-ACFD8F9DF5EA}.Debug|x86.ActiveCfg = Debug|Any CPU
		{D2B1A935-9573-4CEE-86C7-ACFD8F9DF5EA}.Debug|x86.Build.0 = Debug|Any CPU
		{D2B1A935-9573-4CEE-86C7-ACFD8F9DF5EA}.Release|Any CPU.ActiveCfg = Release|Any CPU
		{D2B1A935-9573-4CEE-86C7-ACFD8F9DF5EA}.Release|Any CPU.Build.0 = Release|Any CPU
		{D2B1A935-9573-4CEE-86C7-ACFD8F9DF5EA}.Release|ARM.ActiveCfg = Release|Any CPU
		{D2B1A935-9573-4CEE-86C7-ACFD8F9DF5EA}.Release|ARM.Build.0 = Release|Any CPU
		{D2B1A935-9573-4CEE-86C7-ACFD8F9DF5EA}.Release|ARM64.ActiveCfg = Release|Any CPU
		{D2B1A935-9573-4CEE-86C7-ACFD8F9DF5EA}.Release|ARM64.Build.0 = Release|Any CPU
		{D2B1A935-9573-4CEE-86C7-ACFD8F9DF5EA}.Release|x64.ActiveCfg = Release|Any CPU
		{D2B1A935-9573-4CEE-86C7-ACFD8F9DF5EA}.Release|x64.Build.0 = Release|Any CPU
		{D2B1A935-9573-4CEE-86C7-ACFD8F9DF5EA}.Release|x86.ActiveCfg = Release|Any CPU
		{D2B1A935-9573-4CEE-86C7-ACFD8F9DF5EA}.Release|x86.Build.0 = Release|Any CPU
		{D0B69653-707D-4D55-9F44-62B93F9C1419}.Debug|Any CPU.ActiveCfg = Debug|Any CPU
		{D0B69653-707D-4D55-9F44-62B93F9C1419}.Debug|Any CPU.Build.0 = Debug|Any CPU
		{D0B69653-707D-4D55-9F44-62B93F9C1419}.Debug|ARM.ActiveCfg = Debug|Any CPU
		{D0B69653-707D-4D55-9F44-62B93F9C1419}.Debug|ARM.Build.0 = Debug|Any CPU
		{D0B69653-707D-4D55-9F44-62B93F9C1419}.Debug|ARM64.ActiveCfg = Debug|Any CPU
		{D0B69653-707D-4D55-9F44-62B93F9C1419}.Debug|ARM64.Build.0 = Debug|Any CPU
		{D0B69653-707D-4D55-9F44-62B93F9C1419}.Debug|x64.ActiveCfg = Debug|Any CPU
		{D0B69653-707D-4D55-9F44-62B93F9C1419}.Debug|x64.Build.0 = Debug|Any CPU
		{D0B69653-707D-4D55-9F44-62B93F9C1419}.Debug|x86.ActiveCfg = Debug|Any CPU
		{D0B69653-707D-4D55-9F44-62B93F9C1419}.Debug|x86.Build.0 = Debug|Any CPU
		{D0B69653-707D-4D55-9F44-62B93F9C1419}.Release|Any CPU.ActiveCfg = Release|Any CPU
		{D0B69653-707D-4D55-9F44-62B93F9C1419}.Release|Any CPU.Build.0 = Release|Any CPU
		{D0B69653-707D-4D55-9F44-62B93F9C1419}.Release|ARM.ActiveCfg = Release|Any CPU
		{D0B69653-707D-4D55-9F44-62B93F9C1419}.Release|ARM.Build.0 = Release|Any CPU
		{D0B69653-707D-4D55-9F44-62B93F9C1419}.Release|ARM64.ActiveCfg = Release|Any CPU
		{D0B69653-707D-4D55-9F44-62B93F9C1419}.Release|ARM64.Build.0 = Release|Any CPU
		{D0B69653-707D-4D55-9F44-62B93F9C1419}.Release|x64.ActiveCfg = Release|Any CPU
		{D0B69653-707D-4D55-9F44-62B93F9C1419}.Release|x64.Build.0 = Release|Any CPU
		{D0B69653-707D-4D55-9F44-62B93F9C1419}.Release|x86.ActiveCfg = Release|Any CPU
		{D0B69653-707D-4D55-9F44-62B93F9C1419}.Release|x86.Build.0 = Release|Any CPU
		{092083D2-1ED5-49E4-A01F-38808F7D2403}.Debug|Any CPU.ActiveCfg = Debug|Any CPU
		{092083D2-1ED5-49E4-A01F-38808F7D2403}.Debug|Any CPU.Build.0 = Debug|Any CPU
		{092083D2-1ED5-49E4-A01F-38808F7D2403}.Debug|ARM.ActiveCfg = Debug|Any CPU
		{092083D2-1ED5-49E4-A01F-38808F7D2403}.Debug|ARM.Build.0 = Debug|Any CPU
		{092083D2-1ED5-49E4-A01F-38808F7D2403}.Debug|ARM64.ActiveCfg = Debug|Any CPU
		{092083D2-1ED5-49E4-A01F-38808F7D2403}.Debug|ARM64.Build.0 = Debug|Any CPU
		{092083D2-1ED5-49E4-A01F-38808F7D2403}.Debug|x64.ActiveCfg = Debug|Any CPU
		{092083D2-1ED5-49E4-A01F-38808F7D2403}.Debug|x64.Build.0 = Debug|Any CPU
		{092083D2-1ED5-49E4-A01F-38808F7D2403}.Debug|x86.ActiveCfg = Debug|Any CPU
		{092083D2-1ED5-49E4-A01F-38808F7D2403}.Debug|x86.Build.0 = Debug|Any CPU
		{092083D2-1ED5-49E4-A01F-38808F7D2403}.Release|Any CPU.ActiveCfg = Release|Any CPU
		{092083D2-1ED5-49E4-A01F-38808F7D2403}.Release|Any CPU.Build.0 = Release|Any CPU
		{092083D2-1ED5-49E4-A01F-38808F7D2403}.Release|ARM.ActiveCfg = Release|Any CPU
		{092083D2-1ED5-49E4-A01F-38808F7D2403}.Release|ARM.Build.0 = Release|Any CPU
		{092083D2-1ED5-49E4-A01F-38808F7D2403}.Release|ARM64.ActiveCfg = Release|Any CPU
		{092083D2-1ED5-49E4-A01F-38808F7D2403}.Release|ARM64.Build.0 = Release|Any CPU
		{092083D2-1ED5-49E4-A01F-38808F7D2403}.Release|x64.ActiveCfg = Release|Any CPU
		{092083D2-1ED5-49E4-A01F-38808F7D2403}.Release|x64.Build.0 = Release|Any CPU
		{092083D2-1ED5-49E4-A01F-38808F7D2403}.Release|x86.ActiveCfg = Release|Any CPU
		{092083D2-1ED5-49E4-A01F-38808F7D2403}.Release|x86.Build.0 = Release|Any CPU
		{DE235300-A665-4ED9-876A-DD0AC9C96D12}.Debug|Any CPU.ActiveCfg = Debug|Any CPU
		{DE235300-A665-4ED9-876A-DD0AC9C96D12}.Debug|Any CPU.Build.0 = Debug|Any CPU
		{DE235300-A665-4ED9-876A-DD0AC9C96D12}.Debug|ARM.ActiveCfg = Debug|Any CPU
		{DE235300-A665-4ED9-876A-DD0AC9C96D12}.Debug|ARM.Build.0 = Debug|Any CPU
		{DE235300-A665-4ED9-876A-DD0AC9C96D12}.Debug|ARM64.ActiveCfg = Debug|Any CPU
		{DE235300-A665-4ED9-876A-DD0AC9C96D12}.Debug|ARM64.Build.0 = Debug|Any CPU
		{DE235300-A665-4ED9-876A-DD0AC9C96D12}.Debug|x64.ActiveCfg = Debug|Any CPU
		{DE235300-A665-4ED9-876A-DD0AC9C96D12}.Debug|x64.Build.0 = Debug|Any CPU
		{DE235300-A665-4ED9-876A-DD0AC9C96D12}.Debug|x86.ActiveCfg = Debug|Any CPU
		{DE235300-A665-4ED9-876A-DD0AC9C96D12}.Debug|x86.Build.0 = Debug|Any CPU
		{DE235300-A665-4ED9-876A-DD0AC9C96D12}.Release|Any CPU.ActiveCfg = Release|Any CPU
		{DE235300-A665-4ED9-876A-DD0AC9C96D12}.Release|Any CPU.Build.0 = Release|Any CPU
		{DE235300-A665-4ED9-876A-DD0AC9C96D12}.Release|ARM.ActiveCfg = Release|Any CPU
		{DE235300-A665-4ED9-876A-DD0AC9C96D12}.Release|ARM.Build.0 = Release|Any CPU
		{DE235300-A665-4ED9-876A-DD0AC9C96D12}.Release|ARM64.ActiveCfg = Release|Any CPU
		{DE235300-A665-4ED9-876A-DD0AC9C96D12}.Release|ARM64.Build.0 = Release|Any CPU
		{DE235300-A665-4ED9-876A-DD0AC9C96D12}.Release|x64.ActiveCfg = Release|Any CPU
		{DE235300-A665-4ED9-876A-DD0AC9C96D12}.Release|x64.Build.0 = Release|Any CPU
		{DE235300-A665-4ED9-876A-DD0AC9C96D12}.Release|x86.ActiveCfg = Release|Any CPU
		{DE235300-A665-4ED9-876A-DD0AC9C96D12}.Release|x86.Build.0 = Release|Any CPU
		{14B4BDBA-D629-4101-A80F-DF5B79DDB26A}.Debug|Any CPU.ActiveCfg = Debug|Any CPU
		{14B4BDBA-D629-4101-A80F-DF5B79DDB26A}.Debug|Any CPU.Build.0 = Debug|Any CPU
		{14B4BDBA-D629-4101-A80F-DF5B79DDB26A}.Debug|ARM.ActiveCfg = Debug|Any CPU
		{14B4BDBA-D629-4101-A80F-DF5B79DDB26A}.Debug|ARM.Build.0 = Debug|Any CPU
		{14B4BDBA-D629-4101-A80F-DF5B79DDB26A}.Debug|ARM64.ActiveCfg = Debug|Any CPU
		{14B4BDBA-D629-4101-A80F-DF5B79DDB26A}.Debug|ARM64.Build.0 = Debug|Any CPU
		{14B4BDBA-D629-4101-A80F-DF5B79DDB26A}.Debug|x64.ActiveCfg = Debug|Any CPU
		{14B4BDBA-D629-4101-A80F-DF5B79DDB26A}.Debug|x64.Build.0 = Debug|Any CPU
		{14B4BDBA-D629-4101-A80F-DF5B79DDB26A}.Debug|x86.ActiveCfg = Debug|Any CPU
		{14B4BDBA-D629-4101-A80F-DF5B79DDB26A}.Debug|x86.Build.0 = Debug|Any CPU
		{14B4BDBA-D629-4101-A80F-DF5B79DDB26A}.Release|Any CPU.ActiveCfg = Release|Any CPU
		{14B4BDBA-D629-4101-A80F-DF5B79DDB26A}.Release|Any CPU.Build.0 = Release|Any CPU
		{14B4BDBA-D629-4101-A80F-DF5B79DDB26A}.Release|ARM.ActiveCfg = Release|Any CPU
		{14B4BDBA-D629-4101-A80F-DF5B79DDB26A}.Release|ARM.Build.0 = Release|Any CPU
		{14B4BDBA-D629-4101-A80F-DF5B79DDB26A}.Release|ARM64.ActiveCfg = Release|Any CPU
		{14B4BDBA-D629-4101-A80F-DF5B79DDB26A}.Release|ARM64.Build.0 = Release|Any CPU
		{14B4BDBA-D629-4101-A80F-DF5B79DDB26A}.Release|x64.ActiveCfg = Release|Any CPU
		{14B4BDBA-D629-4101-A80F-DF5B79DDB26A}.Release|x64.Build.0 = Release|Any CPU
		{14B4BDBA-D629-4101-A80F-DF5B79DDB26A}.Release|x86.ActiveCfg = Release|Any CPU
		{14B4BDBA-D629-4101-A80F-DF5B79DDB26A}.Release|x86.Build.0 = Release|Any CPU
		{FCF23A77-42D1-46EA-9CE7-74032D57982A}.Debug|Any CPU.ActiveCfg = Debug|Any CPU
		{FCF23A77-42D1-46EA-9CE7-74032D57982A}.Debug|Any CPU.Build.0 = Debug|Any CPU
		{FCF23A77-42D1-46EA-9CE7-74032D57982A}.Debug|ARM.ActiveCfg = Debug|Any CPU
		{FCF23A77-42D1-46EA-9CE7-74032D57982A}.Debug|ARM.Build.0 = Debug|Any CPU
		{FCF23A77-42D1-46EA-9CE7-74032D57982A}.Debug|ARM64.ActiveCfg = Debug|Any CPU
		{FCF23A77-42D1-46EA-9CE7-74032D57982A}.Debug|ARM64.Build.0 = Debug|Any CPU
		{FCF23A77-42D1-46EA-9CE7-74032D57982A}.Debug|x64.ActiveCfg = Debug|Any CPU
		{FCF23A77-42D1-46EA-9CE7-74032D57982A}.Debug|x64.Build.0 = Debug|Any CPU
		{FCF23A77-42D1-46EA-9CE7-74032D57982A}.Debug|x86.ActiveCfg = Debug|Any CPU
		{FCF23A77-42D1-46EA-9CE7-74032D57982A}.Debug|x86.Build.0 = Debug|Any CPU
		{FCF23A77-42D1-46EA-9CE7-74032D57982A}.Release|Any CPU.ActiveCfg = Release|Any CPU
		{FCF23A77-42D1-46EA-9CE7-74032D57982A}.Release|Any CPU.Build.0 = Release|Any CPU
		{FCF23A77-42D1-46EA-9CE7-74032D57982A}.Release|ARM.ActiveCfg = Release|Any CPU
		{FCF23A77-42D1-46EA-9CE7-74032D57982A}.Release|ARM.Build.0 = Release|Any CPU
		{FCF23A77-42D1-46EA-9CE7-74032D57982A}.Release|ARM64.ActiveCfg = Release|Any CPU
		{FCF23A77-42D1-46EA-9CE7-74032D57982A}.Release|ARM64.Build.0 = Release|Any CPU
		{FCF23A77-42D1-46EA-9CE7-74032D57982A}.Release|x64.ActiveCfg = Release|Any CPU
		{FCF23A77-42D1-46EA-9CE7-74032D57982A}.Release|x64.Build.0 = Release|Any CPU
		{FCF23A77-42D1-46EA-9CE7-74032D57982A}.Release|x86.ActiveCfg = Release|Any CPU
		{FCF23A77-42D1-46EA-9CE7-74032D57982A}.Release|x86.Build.0 = Release|Any CPU
		{6B6C56C4-46D1-4399-B0C9-8FA662DA7B4F}.Debug|Any CPU.ActiveCfg = Debug|Any CPU
		{6B6C56C4-46D1-4399-B0C9-8FA662DA7B4F}.Debug|Any CPU.Build.0 = Debug|Any CPU
		{6B6C56C4-46D1-4399-B0C9-8FA662DA7B4F}.Debug|ARM.ActiveCfg = Debug|Any CPU
		{6B6C56C4-46D1-4399-B0C9-8FA662DA7B4F}.Debug|ARM.Build.0 = Debug|Any CPU
		{6B6C56C4-46D1-4399-B0C9-8FA662DA7B4F}.Debug|ARM64.ActiveCfg = Debug|Any CPU
		{6B6C56C4-46D1-4399-B0C9-8FA662DA7B4F}.Debug|ARM64.Build.0 = Debug|Any CPU
		{6B6C56C4-46D1-4399-B0C9-8FA662DA7B4F}.Debug|x64.ActiveCfg = Debug|Any CPU
		{6B6C56C4-46D1-4399-B0C9-8FA662DA7B4F}.Debug|x64.Build.0 = Debug|Any CPU
		{6B6C56C4-46D1-4399-B0C9-8FA662DA7B4F}.Debug|x86.ActiveCfg = Debug|Any CPU
		{6B6C56C4-46D1-4399-B0C9-8FA662DA7B4F}.Debug|x86.Build.0 = Debug|Any CPU
		{6B6C56C4-46D1-4399-B0C9-8FA662DA7B4F}.Release|Any CPU.ActiveCfg = Release|Any CPU
		{6B6C56C4-46D1-4399-B0C9-8FA662DA7B4F}.Release|Any CPU.Build.0 = Release|Any CPU
		{6B6C56C4-46D1-4399-B0C9-8FA662DA7B4F}.Release|ARM.ActiveCfg = Release|Any CPU
		{6B6C56C4-46D1-4399-B0C9-8FA662DA7B4F}.Release|ARM.Build.0 = Release|Any CPU
		{6B6C56C4-46D1-4399-B0C9-8FA662DA7B4F}.Release|ARM64.ActiveCfg = Release|Any CPU
		{6B6C56C4-46D1-4399-B0C9-8FA662DA7B4F}.Release|ARM64.Build.0 = Release|Any CPU
		{6B6C56C4-46D1-4399-B0C9-8FA662DA7B4F}.Release|x64.ActiveCfg = Release|Any CPU
		{6B6C56C4-46D1-4399-B0C9-8FA662DA7B4F}.Release|x64.Build.0 = Release|Any CPU
		{6B6C56C4-46D1-4399-B0C9-8FA662DA7B4F}.Release|x86.ActiveCfg = Release|Any CPU
		{6B6C56C4-46D1-4399-B0C9-8FA662DA7B4F}.Release|x86.Build.0 = Release|Any CPU
		{7688ABF0-D0AE-412F-A2CF-372C8D6EF309}.Debug|Any CPU.ActiveCfg = Debug|Any CPU
		{7688ABF0-D0AE-412F-A2CF-372C8D6EF309}.Debug|Any CPU.Build.0 = Debug|Any CPU
		{7688ABF0-D0AE-412F-A2CF-372C8D6EF309}.Debug|ARM.ActiveCfg = Debug|Any CPU
		{7688ABF0-D0AE-412F-A2CF-372C8D6EF309}.Debug|ARM.Build.0 = Debug|Any CPU
		{7688ABF0-D0AE-412F-A2CF-372C8D6EF309}.Debug|ARM64.ActiveCfg = Debug|Any CPU
		{7688ABF0-D0AE-412F-A2CF-372C8D6EF309}.Debug|ARM64.Build.0 = Debug|Any CPU
		{7688ABF0-D0AE-412F-A2CF-372C8D6EF309}.Debug|x64.ActiveCfg = Debug|Any CPU
		{7688ABF0-D0AE-412F-A2CF-372C8D6EF309}.Debug|x64.Build.0 = Debug|Any CPU
		{7688ABF0-D0AE-412F-A2CF-372C8D6EF309}.Debug|x86.ActiveCfg = Debug|Any CPU
		{7688ABF0-D0AE-412F-A2CF-372C8D6EF309}.Debug|x86.Build.0 = Debug|Any CPU
		{7688ABF0-D0AE-412F-A2CF-372C8D6EF309}.Release|Any CPU.ActiveCfg = Release|Any CPU
		{7688ABF0-D0AE-412F-A2CF-372C8D6EF309}.Release|Any CPU.Build.0 = Release|Any CPU
		{7688ABF0-D0AE-412F-A2CF-372C8D6EF309}.Release|ARM.ActiveCfg = Release|Any CPU
		{7688ABF0-D0AE-412F-A2CF-372C8D6EF309}.Release|ARM.Build.0 = Release|Any CPU
		{7688ABF0-D0AE-412F-A2CF-372C8D6EF309}.Release|ARM64.ActiveCfg = Release|Any CPU
		{7688ABF0-D0AE-412F-A2CF-372C8D6EF309}.Release|ARM64.Build.0 = Release|Any CPU
		{7688ABF0-D0AE-412F-A2CF-372C8D6EF309}.Release|x64.ActiveCfg = Release|Any CPU
		{7688ABF0-D0AE-412F-A2CF-372C8D6EF309}.Release|x64.Build.0 = Release|Any CPU
		{7688ABF0-D0AE-412F-A2CF-372C8D6EF309}.Release|x86.ActiveCfg = Release|Any CPU
		{7688ABF0-D0AE-412F-A2CF-372C8D6EF309}.Release|x86.Build.0 = Release|Any CPU
		{E2DC5BDC-327E-422F-89F0-1E2E334819C6}.Debug|Any CPU.ActiveCfg = Debug|Any CPU
		{E2DC5BDC-327E-422F-89F0-1E2E334819C6}.Debug|Any CPU.Build.0 = Debug|Any CPU
		{E2DC5BDC-327E-422F-89F0-1E2E334819C6}.Debug|ARM.ActiveCfg = Debug|Any CPU
		{E2DC5BDC-327E-422F-89F0-1E2E334819C6}.Debug|ARM.Build.0 = Debug|Any CPU
		{E2DC5BDC-327E-422F-89F0-1E2E334819C6}.Debug|ARM64.ActiveCfg = Debug|Any CPU
		{E2DC5BDC-327E-422F-89F0-1E2E334819C6}.Debug|ARM64.Build.0 = Debug|Any CPU
		{E2DC5BDC-327E-422F-89F0-1E2E334819C6}.Debug|x64.ActiveCfg = Debug|Any CPU
		{E2DC5BDC-327E-422F-89F0-1E2E334819C6}.Debug|x64.Build.0 = Debug|Any CPU
		{E2DC5BDC-327E-422F-89F0-1E2E334819C6}.Debug|x86.ActiveCfg = Debug|Any CPU
		{E2DC5BDC-327E-422F-89F0-1E2E334819C6}.Debug|x86.Build.0 = Debug|Any CPU
		{E2DC5BDC-327E-422F-89F0-1E2E334819C6}.Release|Any CPU.ActiveCfg = Release|Any CPU
		{E2DC5BDC-327E-422F-89F0-1E2E334819C6}.Release|Any CPU.Build.0 = Release|Any CPU
		{E2DC5BDC-327E-422F-89F0-1E2E334819C6}.Release|ARM.ActiveCfg = Release|Any CPU
		{E2DC5BDC-327E-422F-89F0-1E2E334819C6}.Release|ARM.Build.0 = Release|Any CPU
		{E2DC5BDC-327E-422F-89F0-1E2E334819C6}.Release|ARM64.ActiveCfg = Release|Any CPU
		{E2DC5BDC-327E-422F-89F0-1E2E334819C6}.Release|ARM64.Build.0 = Release|Any CPU
		{E2DC5BDC-327E-422F-89F0-1E2E334819C6}.Release|x64.ActiveCfg = Release|Any CPU
		{E2DC5BDC-327E-422F-89F0-1E2E334819C6}.Release|x64.Build.0 = Release|Any CPU
		{E2DC5BDC-327E-422F-89F0-1E2E334819C6}.Release|x86.ActiveCfg = Release|Any CPU
		{E2DC5BDC-327E-422F-89F0-1E2E334819C6}.Release|x86.Build.0 = Release|Any CPU
		{3F17D244-035B-4059-836D-26FD75E8BA6D}.Debug|Any CPU.ActiveCfg = Debug|Any CPU
		{3F17D244-035B-4059-836D-26FD75E8BA6D}.Debug|Any CPU.Build.0 = Debug|Any CPU
		{3F17D244-035B-4059-836D-26FD75E8BA6D}.Debug|ARM.ActiveCfg = Debug|Any CPU
		{3F17D244-035B-4059-836D-26FD75E8BA6D}.Debug|ARM.Build.0 = Debug|Any CPU
		{3F17D244-035B-4059-836D-26FD75E8BA6D}.Debug|ARM64.ActiveCfg = Debug|Any CPU
		{3F17D244-035B-4059-836D-26FD75E8BA6D}.Debug|ARM64.Build.0 = Debug|Any CPU
		{3F17D244-035B-4059-836D-26FD75E8BA6D}.Debug|x64.ActiveCfg = Debug|Any CPU
		{3F17D244-035B-4059-836D-26FD75E8BA6D}.Debug|x64.Build.0 = Debug|Any CPU
		{3F17D244-035B-4059-836D-26FD75E8BA6D}.Debug|x86.ActiveCfg = Debug|Any CPU
		{3F17D244-035B-4059-836D-26FD75E8BA6D}.Debug|x86.Build.0 = Debug|Any CPU
		{3F17D244-035B-4059-836D-26FD75E8BA6D}.Release|Any CPU.ActiveCfg = Release|Any CPU
		{3F17D244-035B-4059-836D-26FD75E8BA6D}.Release|Any CPU.Build.0 = Release|Any CPU
		{3F17D244-035B-4059-836D-26FD75E8BA6D}.Release|ARM.ActiveCfg = Release|Any CPU
		{3F17D244-035B-4059-836D-26FD75E8BA6D}.Release|ARM.Build.0 = Release|Any CPU
		{3F17D244-035B-4059-836D-26FD75E8BA6D}.Release|ARM64.ActiveCfg = Release|Any CPU
		{3F17D244-035B-4059-836D-26FD75E8BA6D}.Release|ARM64.Build.0 = Release|Any CPU
		{3F17D244-035B-4059-836D-26FD75E8BA6D}.Release|x64.ActiveCfg = Release|Any CPU
		{3F17D244-035B-4059-836D-26FD75E8BA6D}.Release|x64.Build.0 = Release|Any CPU
		{3F17D244-035B-4059-836D-26FD75E8BA6D}.Release|x86.ActiveCfg = Release|Any CPU
		{3F17D244-035B-4059-836D-26FD75E8BA6D}.Release|x86.Build.0 = Release|Any CPU
		{B16B742F-CC99-4E19-A2CB-E6902B19626E}.Debug|Any CPU.ActiveCfg = Debug|Any CPU
		{B16B742F-CC99-4E19-A2CB-E6902B19626E}.Debug|Any CPU.Build.0 = Debug|Any CPU
		{B16B742F-CC99-4E19-A2CB-E6902B19626E}.Debug|ARM.ActiveCfg = Debug|Any CPU
		{B16B742F-CC99-4E19-A2CB-E6902B19626E}.Debug|ARM.Build.0 = Debug|Any CPU
		{B16B742F-CC99-4E19-A2CB-E6902B19626E}.Debug|ARM64.ActiveCfg = Debug|Any CPU
		{B16B742F-CC99-4E19-A2CB-E6902B19626E}.Debug|ARM64.Build.0 = Debug|Any CPU
		{B16B742F-CC99-4E19-A2CB-E6902B19626E}.Debug|x64.ActiveCfg = Debug|Any CPU
		{B16B742F-CC99-4E19-A2CB-E6902B19626E}.Debug|x64.Build.0 = Debug|Any CPU
		{B16B742F-CC99-4E19-A2CB-E6902B19626E}.Debug|x86.ActiveCfg = Debug|Any CPU
		{B16B742F-CC99-4E19-A2CB-E6902B19626E}.Debug|x86.Build.0 = Debug|Any CPU
		{B16B742F-CC99-4E19-A2CB-E6902B19626E}.Release|Any CPU.ActiveCfg = Release|Any CPU
		{B16B742F-CC99-4E19-A2CB-E6902B19626E}.Release|Any CPU.Build.0 = Release|Any CPU
		{B16B742F-CC99-4E19-A2CB-E6902B19626E}.Release|ARM.ActiveCfg = Release|Any CPU
		{B16B742F-CC99-4E19-A2CB-E6902B19626E}.Release|ARM.Build.0 = Release|Any CPU
		{B16B742F-CC99-4E19-A2CB-E6902B19626E}.Release|ARM64.ActiveCfg = Release|Any CPU
		{B16B742F-CC99-4E19-A2CB-E6902B19626E}.Release|ARM64.Build.0 = Release|Any CPU
		{B16B742F-CC99-4E19-A2CB-E6902B19626E}.Release|x64.ActiveCfg = Release|Any CPU
		{B16B742F-CC99-4E19-A2CB-E6902B19626E}.Release|x64.Build.0 = Release|Any CPU
		{B16B742F-CC99-4E19-A2CB-E6902B19626E}.Release|x86.ActiveCfg = Release|Any CPU
		{B16B742F-CC99-4E19-A2CB-E6902B19626E}.Release|x86.Build.0 = Release|Any CPU
	EndGlobalSection
	GlobalSection(SolutionProperties) = preSolution
		HideSolutionNode = FALSE
	EndGlobalSection
	GlobalSection(NestedProjects) = preSolution
		{6B6C56C4-46D1-4399-B0C9-8FA662DA7B4F} = {08349F16-614A-4366-ACDF-AF4A3D323826}
		{7688ABF0-D0AE-412F-A2CF-372C8D6EF309} = {08349F16-614A-4366-ACDF-AF4A3D323826}
		{E2DC5BDC-327E-422F-89F0-1E2E334819C6} = {08349F16-614A-4366-ACDF-AF4A3D323826}
		{3F17D244-035B-4059-836D-26FD75E8BA6D} = {08349F16-614A-4366-ACDF-AF4A3D323826}
		{B16B742F-CC99-4E19-A2CB-E6902B19626E} = {08349F16-614A-4366-ACDF-AF4A3D323826}
	EndGlobalSection
	GlobalSection(ExtensibilityGlobals) = postSolution
		SolutionGuid = {C5BBD1BD-AEC1-415A-96A6-59BE5080B6FD}
	EndGlobalSection
EndGlobal
