
Microsoft Visual Studio Solution File, Format Version 12.00
# Visual Studio 15
VisualStudioVersion = 15.0.28307.852
MinimumVisualStudioVersion = 10.0.40219.1
Project("{FAE04EC0-301F-11D3-BF4B-00C04F79EFBC}") = "Zadanie1", "Zadanie1\Zadanie1.csproj", "{D2B1A935-9573-4CEE-86C7-ACFD8F9DF5EA}"
EndProject
Project("{FAE04EC0-301F-11D3-BF4B-00C04F79EFBC}") = "UnitTestProject", "UnitTestProject5\UnitTestProject.csproj", "{D0B69653-707D-4D55-9F44-62B93F9C1419}"
EndProject
Project("{FAE04EC0-301F-11D3-BF4B-00C04F79EFBC}") = "Zadanie2", "ConsoleApp\Zadanie2.csproj", "{092083D2-1ED5-49E4-A01F-38808F7D2403}"
EndProject
Project("{FAE04EC0-301F-11D3-BF4B-00C04F79EFBC}") = "UnitTestProject2", "UnitTestProject2\UnitTestProject2.csproj", "{DE235300-A665-4ED9-876A-DD0AC9C96D12}"
EndProject
Global
	GlobalSection(SolutionConfigurationPlatforms) = preSolution
		Debug|Any CPU = Debug|Any CPU
		Debug|ARM = Debug|ARM
		Debug|ARM64 = Debug|ARM64
		Debug|x64 = Debug|x64
		Debug|x86 = Debug|x86
		Release|Any CPU = Release|Any CPU
		Release|ARM = Release|ARM
		Release|ARM64 = Release|ARM64
		Release|x64 = Release|x64
		Release|x86 = Release|x86
	EndGlobalSection
	GlobalSection(ProjectConfigurationPlatforms) = postSolution
		{D2B1A935-9573-4CEE-86C7-ACFD8F9DF5EA}.Debug|Any CPU.ActiveCfg = Debug|Any CPU
		{D2B1A935-9573-4CEE-86C7-ACFD8F9DF5EA}.Debug|Any CPU.Build.0 = Debug|Any CPU
		{D2B1A935-9573-4CEE-86C7-ACFD8F9DF5EA}.Debug|ARM.ActiveCfg = Debug|Any CPU
		{D2B1A935-9573-4CEE-86C7-ACFD8F9DF5EA}.Debug|ARM.Build.0 = Debug|Any CPU
		{D2B1A935-9573-4CEE-86C7-ACFD8F9DF5EA}.Debug|ARM64.ActiveCfg = Debug|Any CPU
		{D2B1A935-9573-4CEE-86C7-ACFD8F9DF5EA}.Debug|ARM64.Build.0 = Debug|Any CPU
		{D2B1A935-9573-4CEE-86C7-ACFD8F9DF5EA}.Debug|x64.ActiveCfg = Debug|Any CPU
		{D2B1A935-9573-4CEE-86C7-ACFD8F9DF5EA}.Debug|x64.Build.0 = Debug|Any CPU
		{D2B1A935-9573-4CEE-86C7-ACFD8F9DF5EA}.Debug|x86.ActiveCfg = Debug|Any CPU
		{D2B1A935-9573-4CEE-86C7-ACFD8F9DF5EA}.Debug|x86.Build.0 = Debug|Any CPU
		{D2B1A935-9573-4CEE-86C7-ACFD8F9DF5EA}.Release|Any CPU.ActiveCfg = Release|Any CPU
		{D2B1A935-9573-4CEE-86C7-ACFD8F9DF5EA}.Release|Any CPU.Build.0 = Release|Any CPU
		{D2B1A935-9573-4CEE-86C7-ACFD8F9DF5EA}.Release|ARM.ActiveCfg = Release|Any CPU
		{D2B1A935-9573-4CEE-86C7-ACFD8F9DF5EA}.Release|ARM.Build.0 = Release|Any CPU
		{D2B1A935-9573-4CEE-86C7-ACFD8F9DF5EA}.Release|ARM64.ActiveCfg = Release|Any CPU
		{D2B1A935-9573-4CEE-86C7-ACFD8F9DF5EA}.Release|ARM64.Build.0 = Release|Any CPU
		{D2B1A935-9573-4CEE-86C7-ACFD8F9DF5EA}.Release|x64.ActiveCfg = Release|Any CPU
		{D2B1A935-9573-4CEE-86C7-ACFD8F9DF5EA}.Release|x64.Build.0 = Release|Any CPU
		{D2B1A935-9573-4CEE-86C7-ACFD8F9DF5EA}.Release|x86.ActiveCfg = Release|Any CPU
		{D2B1A935-9573-4CEE-86C7-ACFD8F9DF5EA}.Release|x86.Build.0 = Release|Any CPU
		{D0B69653-707D-4D55-9F44-62B93F9C1419}.Debug|Any CPU.ActiveCfg = Debug|Any CPU
		{D0B69653-707D-4D55-9F44-62B93F9C1419}.Debug|Any CPU.Build.0 = Debug|Any CPU
		{D0B69653-707D-4D55-9F44-62B93F9C1419}.Debug|ARM.ActiveCfg = Debug|Any CPU
		{D0B69653-707D-4D55-9F44-62B93F9C1419}.Debug|ARM.Build.0 = Debug|Any CPU
		{D0B69653-707D-4D55-9F44-62B93F9C1419}.Debug|ARM64.ActiveCfg = Debug|Any CPU
		{D0B69653-707D-4D55-9F44-62B93F9C1419}.Debug|ARM64.Build.0 = Debug|Any CPU
		{D0B69653-707D-4D55-9F44-62B93F9C1419}.Debug|x64.ActiveCfg = Debug|Any CPU
		{D0B69653-707D-4D55-9F44-62B93F9C1419}.Debug|x64.Build.0 = Debug|Any CPU
		{D0B69653-707D-4D55-9F44-62B93F9C1419}.Debug|x86.ActiveCfg = Debug|Any CPU
		{D0B69653-707D-4D55-9F44-62B93F9C1419}.Debug|x86.Build.0 = Debug|Any CPU
		{D0B69653-707D-4D55-9F44-62B93F9C1419}.Release|Any CPU.ActiveCfg = Release|Any CPU
		{D0B69653-707D-4D55-9F44-62B93F9C1419}.Release|Any CPU.Build.0 = Release|Any CPU
		{D0B69653-707D-4D55-9F44-62B93F9C1419}.Release|ARM.ActiveCfg = Release|Any CPU
		{D0B69653-707D-4D55-9F44-62B93F9C1419}.Release|ARM.Build.0 = Release|Any CPU
		{D0B69653-707D-4D55-9F44-62B93F9C1419}.Release|ARM64.ActiveCfg = Release|Any CPU
		{D0B69653-707D-4D55-9F44-62B93F9C1419}.Release|ARM64.Build.0 = Release|Any CPU
		{D0B69653-707D-4D55-9F44-62B93F9C1419}.Release|x64.ActiveCfg = Release|Any CPU
		{D0B69653-707D-4D55-9F44-62B93F9C1419}.Release|x64.Build.0 = Release|Any CPU
		{D0B69653-707D-4D55-9F44-62B93F9C1419}.Release|x86.ActiveCfg = Release|Any CPU
		{D0B69653-707D-4D55-9F44-62B93F9C1419}.Release|x86.Build.0 = Release|Any CPU
		{092083D2-1ED5-49E4-A01F-38808F7D2403}.Debug|Any CPU.ActiveCfg = Debug|Any CPU
		{092083D2-1ED5-49E4-A01F-38808F7D2403}.Debug|Any CPU.Build.0 = Debug|Any CPU
		{092083D2-1ED5-49E4-A01F-38808F7D2403}.Debug|ARM.ActiveCfg = Debug|Any CPU
		{092083D2-1ED5-49E4-A01F-38808F7D2403}.Debug|ARM.Build.0 = Debug|Any CPU
		{092083D2-1ED5-49E4-A01F-38808F7D2403}.Debug|ARM64.ActiveCfg = Debug|Any CPU
		{092083D2-1ED5-49E4-A01F-38808F7D2403}.Debug|ARM64.Build.0 = Debug|Any CPU
		{092083D2-1ED5-49E4-A01F-38808F7D2403}.Debug|x64.ActiveCfg = Debug|Any CPU
		{092083D2-1ED5-49E4-A01F-38808F7D2403}.Debug|x64.Build.0 = Debug|Any CPU
		{092083D2-1ED5-49E4-A01F-38808F7D2403}.Debug|x86.ActiveCfg = Debug|Any CPU
		{092083D2-1ED5-49E4-A01F-38808F7D2403}.Debug|x86.Build.0 = Debug|Any CPU
		{092083D2-1ED5-49E4-A01F-38808F7D2403}.Release|Any CPU.ActiveCfg = Release|Any CPU
		{092083D2-1ED5-49E4-A01F-38808F7D2403}.Release|Any CPU.Build.0 = Release|Any CPU
		{092083D2-1ED5-49E4-A01F-38808F7D2403}.Release|ARM.ActiveCfg = Release|Any CPU
		{092083D2-1ED5-49E4-A01F-38808F7D2403}.Release|ARM.Build.0 = Release|Any CPU
		{092083D2-1ED5-49E4-A01F-38808F7D2403}.Release|ARM64.ActiveCfg = Release|Any CPU
		{092083D2-1ED5-49E4-A01F-38808F7D2403}.Release|ARM64.Build.0 = Release|Any CPU
		{092083D2-1ED5-49E4-A01F-38808F7D2403}.Release|x64.ActiveCfg = Release|Any CPU
		{092083D2-1ED5-49E4-A01F-38808F7D2403}.Release|x64.Build.0 = Release|Any CPU
		{092083D2-1ED5-49E4-A01F-38808F7D2403}.Release|x86.ActiveCfg = Release|Any CPU
		{092083D2-1ED5-49E4-A01F-38808F7D2403}.Release|x86.Build.0 = Release|Any CPU
		{DE235300-A665-4ED9-876A-DD0AC9C96D12}.Debug|Any CPU.ActiveCfg = Debug|Any CPU
		{DE235300-A665-4ED9-876A-DD0AC9C96D12}.Debug|Any CPU.Build.0 = Debug|Any CPU
		{DE235300-A665-4ED9-876A-DD0AC9C96D12}.Debug|ARM.ActiveCfg = Debug|Any CPU
		{DE235300-A665-4ED9-876A-DD0AC9C96D12}.Debug|ARM.Build.0 = Debug|Any CPU
		{DE235300-A665-4ED9-876A-DD0AC9C96D12}.Debug|ARM64.ActiveCfg = Debug|Any CPU
		{DE235300-A665-4ED9-876A-DD0AC9C96D12}.Debug|ARM64.Build.0 = Debug|Any CPU
		{DE235300-A665-4ED9-876A-DD0AC9C96D12}.Debug|x64.ActiveCfg = Debug|Any CPU
		{DE235300-A665-4ED9-876A-DD0AC9C96D12}.Debug|x64.Build.0 = Debug|Any CPU
		{DE235300-A665-4ED9-876A-DD0AC9C96D12}.Debug|x86.ActiveCfg = Debug|Any CPU
		{DE235300-A665-4ED9-876A-DD0AC9C96D12}.Debug|x86.Build.0 = Debug|Any CPU
		{DE235300-A665-4ED9-876A-DD0AC9C96D12}.Release|Any CPU.ActiveCfg = Release|Any CPU
		{DE235300-A665-4ED9-876A-DD0AC9C96D12}.Release|Any CPU.Build.0 = Release|Any CPU
		{DE235300-A665-4ED9-876A-DD0AC9C96D12}.Release|ARM.ActiveCfg = Release|Any CPU
		{DE235300-A665-4ED9-876A-DD0AC9C96D12}.Release|ARM.Build.0 = Release|Any CPU
		{DE235300-A665-4ED9-876A-DD0AC9C96D12}.Release|ARM64.ActiveCfg = Release|Any CPU
		{DE235300-A665-4ED9-876A-DD0AC9C96D12}.Release|ARM64.Build.0 = Release|Any CPU
		{DE235300-A665-4ED9-876A-DD0AC9C96D12}.Release|x64.ActiveCfg = Release|Any CPU
		{DE235300-A665-4ED9-876A-DD0AC9C96D12}.Release|x64.Build.0 = Release|Any CPU
		{DE235300-A665-4ED9-876A-DD0AC9C96D12}.Release|x86.ActiveCfg = Release|Any CPU
		{DE235300-A665-4ED9-876A-DD0AC9C96D12}.Release|x86.Build.0 = Release|Any CPU
	EndGlobalSection
	GlobalSection(SolutionProperties) = preSolution
		HideSolutionNode = FALSE
	EndGlobalSection
	GlobalSection(ExtensibilityGlobals) = postSolution
		SolutionGuid = {C5BBD1BD-AEC1-415A-96A6-59BE5080B6FD}
	EndGlobalSection
EndGlobal
